// !$*UTF8*$!
{
	archiveVersion = 1;
	classes = {
	};
	objectVersion = 55;
	objects = {

/* Begin PBXBuildFile section */
		4A3AF3E0CAFCA8D19A6FB1AC /* Pods_scholarshipz.framework in Frameworks */ = {isa = PBXBuildFile; fileRef = 0A2CCA08318A2BC173419D0B /* Pods_scholarshipz.framework */; };
		92271956282EBB9C009ACE70 /* AppDelegate.swift in Sources */ = {isa = PBXBuildFile; fileRef = 92271955282EBB9C009ACE70 /* AppDelegate.swift */; };
		9227195F282EBBA3009ACE70 /* Assets.xcassets in Resources */ = {isa = PBXBuildFile; fileRef = 9227195E282EBBA3009ACE70 /* Assets.xcassets */; };
		92271962282EBBA3009ACE70 /* LaunchScreen.storyboard in Resources */ = {isa = PBXBuildFile; fileRef = 92271960282EBBA3009ACE70 /* LaunchScreen.storyboard */; };
		9227196B282EC291009ACE70 /* Enviroment.swift in Sources */ = {isa = PBXBuildFile; fileRef = 9227196A282EC291009ACE70 /* Enviroment.swift */; };
		924E4F25282EE490004DD18E /* ExploreView.swift in Sources */ = {isa = PBXBuildFile; fileRef = 924E4F23282EE490004DD18E /* ExploreView.swift */; };
		924E4F26282EE490004DD18E /* ExploreViewController.swift in Sources */ = {isa = PBXBuildFile; fileRef = 924E4F24282EE490004DD18E /* ExploreViewController.swift */; };
		924E4F29282EE4A5004DD18E /* InfluencerTableViewCell.swift in Sources */ = {isa = PBXBuildFile; fileRef = 924E4F28282EE4A5004DD18E /* InfluencerTableViewCell.swift */; };
		924E4F2C282EE4B6004DD18E /* ExploreDataStore.swift in Sources */ = {isa = PBXBuildFile; fileRef = 924E4F2B282EE4B6004DD18E /* ExploreDataStore.swift */; };
		924E4F2F282EE520004DD18E /* ImageViewExtension.swift in Sources */ = {isa = PBXBuildFile; fileRef = 924E4F2E282EE520004DD18E /* ImageViewExtension.swift */; };
		924E4F31282EE541004DD18E /* Structs.swift in Sources */ = {isa = PBXBuildFile; fileRef = 924E4F30282EE541004DD18E /* Structs.swift */; };
		924E4F33282EE592004DD18E /* InfluencerParse.swift in Sources */ = {isa = PBXBuildFile; fileRef = 924E4F32282EE592004DD18E /* InfluencerParse.swift */; };
		924E4F35282EE5DC004DD18E /* SuperParseObject.swift in Sources */ = {isa = PBXBuildFile; fileRef = 924E4F34282EE5DC004DD18E /* SuperParseObject.swift */; };
/* End PBXBuildFile section */

/* Begin PBXFileReference section */
		0A2CCA08318A2BC173419D0B /* Pods_scholarshipz.framework */ = {isa = PBXFileReference; explicitFileType = wrapper.framework; includeInIndex = 0; path = Pods_scholarshipz.framework; sourceTree = BUILT_PRODUCTS_DIR; };
		67A62398D788BA6FCFAF542D /* Pods-scholarshipz.debug(production).xcconfig */ = {isa = PBXFileReference; includeInIndex = 1; lastKnownFileType = text.xcconfig; name = "Pods-scholarshipz.debug(production).xcconfig"; path = "Target Support Files/Pods-scholarshipz/Pods-scholarshipz.debug(production).xcconfig"; sourceTree = "<group>"; };
		92271952282EBB9C009ACE70 /* scholarshipz.app */ = {isa = PBXFileReference; explicitFileType = wrapper.application; includeInIndex = 0; path = scholarshipz.app; sourceTree = BUILT_PRODUCTS_DIR; };
		92271955282EBB9C009ACE70 /* AppDelegate.swift */ = {isa = PBXFileReference; lastKnownFileType = sourcecode.swift; path = AppDelegate.swift; sourceTree = "<group>"; };
		9227195E282EBBA3009ACE70 /* Assets.xcassets */ = {isa = PBXFileReference; lastKnownFileType = folder.assetcatalog; path = Assets.xcassets; sourceTree = "<group>"; };
		92271961282EBBA3009ACE70 /* Base */ = {isa = PBXFileReference; lastKnownFileType = file.storyboard; name = Base; path = Base.lproj/LaunchScreen.storyboard; sourceTree = "<group>"; };
		92271963282EBBA3009ACE70 /* Info.plist */ = {isa = PBXFileReference; lastKnownFileType = text.plist.xml; path = Info.plist; sourceTree = "<group>"; };
		9227196A282EC291009ACE70 /* Enviroment.swift */ = {isa = PBXFileReference; fileEncoding = 4; lastKnownFileType = sourcecode.swift; path = Enviroment.swift; sourceTree = "<group>"; };
		924E4F23282EE490004DD18E /* ExploreView.swift */ = {isa = PBXFileReference; fileEncoding = 4; lastKnownFileType = sourcecode.swift; path = ExploreView.swift; sourceTree = "<group>"; };
		924E4F24282EE490004DD18E /* ExploreViewController.swift */ = {isa = PBXFileReference; fileEncoding = 4; lastKnownFileType = sourcecode.swift; path = ExploreViewController.swift; sourceTree = "<group>"; };
		924E4F28282EE4A5004DD18E /* InfluencerTableViewCell.swift */ = {isa = PBXFileReference; fileEncoding = 4; lastKnownFileType = sourcecode.swift; path = InfluencerTableViewCell.swift; sourceTree = "<group>"; };
		924E4F2B282EE4B6004DD18E /* ExploreDataStore.swift */ = {isa = PBXFileReference; fileEncoding = 4; lastKnownFileType = sourcecode.swift; path = ExploreDataStore.swift; sourceTree = "<group>"; };
		924E4F2E282EE520004DD18E /* ImageViewExtension.swift */ = {isa = PBXFileReference; fileEncoding = 4; lastKnownFileType = sourcecode.swift; path = ImageViewExtension.swift; sourceTree = "<group>"; };
		924E4F30282EE541004DD18E /* Structs.swift */ = {isa = PBXFileReference; fileEncoding = 4; lastKnownFileType = sourcecode.swift; path = Structs.swift; sourceTree = "<group>"; };
		924E4F32282EE592004DD18E /* InfluencerParse.swift */ = {isa = PBXFileReference; lastKnownFileType = sourcecode.swift; path = InfluencerParse.swift; sourceTree = "<group>"; };
		924E4F34282EE5DC004DD18E /* SuperParseObject.swift */ = {isa = PBXFileReference; fileEncoding = 4; lastKnownFileType = sourcecode.swift; path = SuperParseObject.swift; sourceTree = "<group>"; };
		9CEB852CD6AEA563472A7ABC /* Pods-scholarshipz.debug.xcconfig */ = {isa = PBXFileReference; includeInIndex = 1; lastKnownFileType = text.xcconfig; name = "Pods-scholarshipz.debug.xcconfig"; path = "Target Support Files/Pods-scholarshipz/Pods-scholarshipz.debug.xcconfig"; sourceTree = "<group>"; };
		AA6DEC556866EB11826E67D4 /* Pods-scholarshipz.debug(development).xcconfig */ = {isa = PBXFileReference; includeInIndex = 1; lastKnownFileType = text.xcconfig; name = "Pods-scholarshipz.debug(development).xcconfig"; path = "Target Support Files/Pods-scholarshipz/Pods-scholarshipz.debug(development).xcconfig"; sourceTree = "<group>"; };
		EA14BE911A60F4D837DCE45F /* Pods-scholarshipz.release.xcconfig */ = {isa = PBXFileReference; includeInIndex = 1; lastKnownFileType = text.xcconfig; name = "Pods-scholarshipz.release.xcconfig"; path = "Target Support Files/Pods-scholarshipz/Pods-scholarshipz.release.xcconfig"; sourceTree = "<group>"; };
/* End PBXFileReference section */

/* Begin PBXFrameworksBuildPhase section */
		9227194F282EBB9C009ACE70 /* Frameworks */ = {
			isa = PBXFrameworksBuildPhase;
			buildActionMask = 2147483647;
			files = (
				4A3AF3E0CAFCA8D19A6FB1AC /* Pods_scholarshipz.framework in Frameworks */,
			);
			runOnlyForDeploymentPostprocessing = 0;
		};
/* End PBXFrameworksBuildPhase section */

/* Begin PBXGroup section */
		4DB129842B0DB470D7B6A7D8 /* Pods */ = {
			isa = PBXGroup;
			children = (
				9CEB852CD6AEA563472A7ABC /* Pods-scholarshipz.debug.xcconfig */,
				EA14BE911A60F4D837DCE45F /* Pods-scholarshipz.release.xcconfig */,
				AA6DEC556866EB11826E67D4 /* Pods-scholarshipz.debug(development).xcconfig */,
				67A62398D788BA6FCFAF542D /* Pods-scholarshipz.debug(production).xcconfig */,
			);
			path = Pods;
			sourceTree = "<group>";
		};
		7061D81490E813CD342E7203 /* Frameworks */ = {
			isa = PBXGroup;
			children = (
				0A2CCA08318A2BC173419D0B /* Pods_scholarshipz.framework */,
			);
			name = Frameworks;
			sourceTree = "<group>";
		};
		92271949282EBB9C009ACE70 = {
			isa = PBXGroup;
			children = (
				92271954282EBB9C009ACE70 /* scholarshipz */,
				92271953282EBB9C009ACE70 /* Products */,
				4DB129842B0DB470D7B6A7D8 /* Pods */,
				7061D81490E813CD342E7203 /* Frameworks */,
			);
			sourceTree = "<group>";
		};
		92271953282EBB9C009ACE70 /* Products */ = {
			isa = PBXGroup;
			children = (
				92271952282EBB9C009ACE70 /* scholarshipz.app */,
			);
			name = Products;
			sourceTree = "<group>";
		};
		92271954282EBB9C009ACE70 /* scholarshipz */ = {
			isa = PBXGroup;
			children = (
				924E4F2D282EE50E004DD18E /* Helpers */,
				924E4F22282EE40E004DD18E /* Discover */,
				92271969282EC283009ACE70 /* Models */,
				92271955282EBB9C009ACE70 /* AppDelegate.swift */,
				9227195E282EBBA3009ACE70 /* Assets.xcassets */,
				92271960282EBBA3009ACE70 /* LaunchScreen.storyboard */,
				92271963282EBBA3009ACE70 /* Info.plist */,
			);
			path = scholarshipz;
			sourceTree = "<group>";
		};
		92271969282EC283009ACE70 /* Models */ = {
			isa = PBXGroup;
			children = (
				924E4F34282EE5DC004DD18E /* SuperParseObject.swift */,
				9227196A282EC291009ACE70 /* Enviroment.swift */,
				924E4F32282EE592004DD18E /* InfluencerParse.swift */,
			);
			path = Models;
			sourceTree = "<group>";
		};
		924E4F22282EE40E004DD18E /* Discover */ = {
			isa = PBXGroup;
			children = (
				924E4F2A282EE4AC004DD18E /* Data Store */,
				924E4F27282EE49E004DD18E /* Cell */,
				924E4F23282EE490004DD18E /* ExploreView.swift */,
				924E4F24282EE490004DD18E /* ExploreViewController.swift */,
			);
			path = Discover;
			sourceTree = "<group>";
		};
		924E4F27282EE49E004DD18E /* Cell */ = {
			isa = PBXGroup;
			children = (
				924E4F28282EE4A5004DD18E /* InfluencerTableViewCell.swift */,
			);
			path = Cell;
			sourceTree = "<group>";
		};
		924E4F2A282EE4AC004DD18E /* Data Store */ = {
			isa = PBXGroup;
			children = (
				924E4F2B282EE4B6004DD18E /* ExploreDataStore.swift */,
			);
			path = "Data Store";
			sourceTree = "<group>";
		};
		924E4F2D282EE50E004DD18E /* Helpers */ = {
			isa = PBXGroup;
			children = (
				924E4F30282EE541004DD18E /* Structs.swift */,
				924E4F2E282EE520004DD18E /* ImageViewExtension.swift */,
			);
			path = Helpers;
			sourceTree = "<group>";
		};
/* End PBXGroup section */

/* Begin PBXNativeTarget section */
		92271951282EBB9C009ACE70 /* scholarshipz */ = {
			isa = PBXNativeTarget;
			buildConfigurationList = 92271966282EBBA3009ACE70 /* Build configuration list for PBXNativeTarget "scholarshipz" */;
			buildPhases = (
				4989453A3A5ACA21E8DA7FFE /* [CP] Check Pods Manifest.lock */,
				9227194E282EBB9C009ACE70 /* Sources */,
				9227194F282EBB9C009ACE70 /* Frameworks */,
				92271950282EBB9C009ACE70 /* Resources */,
				D3FEA7D7357FAAB4AA92DFAB /* [CP] Embed Pods Frameworks */,
			);
			buildRules = (
			);
			dependencies = (
			);
			name = scholarshipz;
			productName = scholarshipz;
			productReference = 92271952282EBB9C009ACE70 /* scholarshipz.app */;
			productType = "com.apple.product-type.application";
		};
/* End PBXNativeTarget section */

/* Begin PBXProject section */
		9227194A282EBB9C009ACE70 /* Project object */ = {
			isa = PBXProject;
			attributes = {
				BuildIndependentTargetsInParallel = 1;
				LastSwiftUpdateCheck = 1330;
				LastUpgradeCheck = 1330;
				TargetAttributes = {
					92271951282EBB9C009ACE70 = {
						CreatedOnToolsVersion = 13.3.1;
					};
				};
			};
			buildConfigurationList = 9227194D282EBB9C009ACE70 /* Build configuration list for PBXProject "scholarshipz" */;
			compatibilityVersion = "Xcode 13.0";
			developmentRegion = en;
			hasScannedForEncodings = 0;
			knownRegions = (
				en,
				Base,
			);
			mainGroup = 92271949282EBB9C009ACE70;
			productRefGroup = 92271953282EBB9C009ACE70 /* Products */;
			projectDirPath = "";
			projectRoot = "";
			targets = (
				92271951282EBB9C009ACE70 /* scholarshipz */,
			);
		};
/* End PBXProject section */

/* Begin PBXResourcesBuildPhase section */
		92271950282EBB9C009ACE70 /* Resources */ = {
			isa = PBXResourcesBuildPhase;
			buildActionMask = 2147483647;
			files = (
				92271962282EBBA3009ACE70 /* LaunchScreen.storyboard in Resources */,
				9227195F282EBBA3009ACE70 /* Assets.xcassets in Resources */,
			);
			runOnlyForDeploymentPostprocessing = 0;
		};
/* End PBXResourcesBuildPhase section */

/* Begin PBXShellScriptBuildPhase section */
		4989453A3A5ACA21E8DA7FFE /* [CP] Check Pods Manifest.lock */ = {
			isa = PBXShellScriptBuildPhase;
			buildActionMask = 2147483647;
			files = (
			);
			inputFileListPaths = (
			);
			inputPaths = (
				"${PODS_PODFILE_DIR_PATH}/Podfile.lock",
				"${PODS_ROOT}/Manifest.lock",
			);
			name = "[CP] Check Pods Manifest.lock";
			outputFileListPaths = (
			);
			outputPaths = (
				"$(DERIVED_FILE_DIR)/Pods-scholarshipz-checkManifestLockResult.txt",
			);
			runOnlyForDeploymentPostprocessing = 0;
			shellPath = /bin/sh;
			shellScript = "diff \"${PODS_PODFILE_DIR_PATH}/Podfile.lock\" \"${PODS_ROOT}/Manifest.lock\" > /dev/null\nif [ $? != 0 ] ; then\n    # print error to STDERR\n    echo \"error: The sandbox is not in sync with the Podfile.lock. Run 'pod install' or update your CocoaPods installation.\" >&2\n    exit 1\nfi\n# This output is used by Xcode 'outputs' to avoid re-running this script phase.\necho \"SUCCESS\" > \"${SCRIPT_OUTPUT_FILE_0}\"\n";
			showEnvVarsInLog = 0;
		};
		D3FEA7D7357FAAB4AA92DFAB /* [CP] Embed Pods Frameworks */ = {
			isa = PBXShellScriptBuildPhase;
			buildActionMask = 2147483647;
			files = (
			);
			inputFileListPaths = (
				"${PODS_ROOT}/Target Support Files/Pods-scholarshipz/Pods-scholarshipz-frameworks-${CONFIGURATION}-input-files.xcfilelist",
			);
			name = "[CP] Embed Pods Frameworks";
			outputFileListPaths = (
				"${PODS_ROOT}/Target Support Files/Pods-scholarshipz/Pods-scholarshipz-frameworks-${CONFIGURATION}-output-files.xcfilelist",
			);
			runOnlyForDeploymentPostprocessing = 0;
			shellPath = /bin/sh;
			shellScript = "\"${PODS_ROOT}/Target Support Files/Pods-scholarshipz/Pods-scholarshipz-frameworks.sh\"\n";
			showEnvVarsInLog = 0;
		};
/* End PBXShellScriptBuildPhase section */

/* Begin PBXSourcesBuildPhase section */
		9227194E282EBB9C009ACE70 /* Sources */ = {
			isa = PBXSourcesBuildPhase;
			buildActionMask = 2147483647;
			files = (
				924E4F31282EE541004DD18E /* Structs.swift in Sources */,
				924E4F2C282EE4B6004DD18E /* ExploreDataStore.swift in Sources */,
				924E4F2F282EE520004DD18E /* ImageViewExtension.swift in Sources */,
				92271956282EBB9C009ACE70 /* AppDelegate.swift in Sources */,
				924E4F29282EE4A5004DD18E /* InfluencerTableViewCell.swift in Sources */,
				924E4F26282EE490004DD18E /* ExploreViewController.swift in Sources */,
				924E4F25282EE490004DD18E /* ExploreView.swift in Sources */,
				924E4F33282EE592004DD18E /* InfluencerParse.swift in Sources */,
				924E4F35282EE5DC004DD18E /* SuperParseObject.swift in Sources */,
				9227196B282EC291009ACE70 /* Enviroment.swift in Sources */,
			);
			runOnlyForDeploymentPostprocessing = 0;
		};
/* End PBXSourcesBuildPhase section */

/* Begin PBXVariantGroup section */
		92271960282EBBA3009ACE70 /* LaunchScreen.storyboard */ = {
			isa = PBXVariantGroup;
			children = (
				92271961282EBBA3009ACE70 /* Base */,
			);
			name = LaunchScreen.storyboard;
			sourceTree = "<group>";
		};
/* End PBXVariantGroup section */

/* Begin XCBuildConfiguration section */
		92271964282EBBA3009ACE70 /* Debug(Development) */ = {
			isa = XCBuildConfiguration;
			buildSettings = {
				ALWAYS_SEARCH_USER_PATHS = NO;
				CLANG_ANALYZER_NONNULL = YES;
				CLANG_ANALYZER_NUMBER_OBJECT_CONVERSION = YES_AGGRESSIVE;
				CLANG_CXX_LANGUAGE_STANDARD = "gnu++17";
				CLANG_ENABLE_MODULES = YES;
				CLANG_ENABLE_OBJC_ARC = YES;
				CLANG_ENABLE_OBJC_WEAK = YES;
				CLANG_WARN_BLOCK_CAPTURE_AUTORELEASING = YES;
				CLANG_WARN_BOOL_CONVERSION = YES;
				CLANG_WARN_COMMA = YES;
				CLANG_WARN_CONSTANT_CONVERSION = YES;
				CLANG_WARN_DEPRECATED_OBJC_IMPLEMENTATIONS = YES;
				CLANG_WARN_DIRECT_OBJC_ISA_USAGE = YES_ERROR;
				CLANG_WARN_DOCUMENTATION_COMMENTS = YES;
				CLANG_WARN_EMPTY_BODY = YES;
				CLANG_WARN_ENUM_CONVERSION = YES;
				CLANG_WARN_INFINITE_RECURSION = YES;
				CLANG_WARN_INT_CONVERSION = YES;
				CLANG_WARN_NON_LITERAL_NULL_CONVERSION = YES;
				CLANG_WARN_OBJC_IMPLICIT_RETAIN_SELF = YES;
				CLANG_WARN_OBJC_LITERAL_CONVERSION = YES;
				CLANG_WARN_OBJC_ROOT_CLASS = YES_ERROR;
				CLANG_WARN_QUOTED_INCLUDE_IN_FRAMEWORK_HEADER = YES;
				CLANG_WARN_RANGE_LOOP_ANALYSIS = YES;
				CLANG_WARN_STRICT_PROTOTYPES = YES;
				CLANG_WARN_SUSPICIOUS_MOVE = YES;
				CLANG_WARN_UNGUARDED_AVAILABILITY = YES_AGGRESSIVE;
				CLANG_WARN_UNREACHABLE_CODE = YES;
				CLANG_WARN__DUPLICATE_METHOD_MATCH = YES;
				COPY_PHASE_STRIP = NO;
				DEBUG_INFORMATION_FORMAT = dwarf;
				ENABLE_STRICT_OBJC_MSGSEND = YES;
				ENABLE_TESTABILITY = YES;
				GCC_C_LANGUAGE_STANDARD = gnu11;
				GCC_DYNAMIC_NO_PIC = NO;
				GCC_NO_COMMON_BLOCKS = YES;
				GCC_OPTIMIZATION_LEVEL = 0;
				GCC_PREPROCESSOR_DEFINITIONS = (
					"DEBUG=1",
					"$(inherited)",
				);
				GCC_WARN_64_TO_32_BIT_CONVERSION = YES;
				GCC_WARN_ABOUT_RETURN_TYPE = YES_ERROR;
				GCC_WARN_UNDECLARED_SELECTOR = YES;
				GCC_WARN_UNINITIALIZED_AUTOS = YES_AGGRESSIVE;
				GCC_WARN_UNUSED_FUNCTION = YES;
				GCC_WARN_UNUSED_VARIABLE = YES;
				IPHONEOS_DEPLOYMENT_TARGET = 15.4;
				MTL_ENABLE_DEBUG_INFO = INCLUDE_SOURCE;
				MTL_FAST_MATH = YES;
				ONLY_ACTIVE_ARCH = YES;
				SDKROOT = iphoneos;
				SWIFT_ACTIVE_COMPILATION_CONDITIONS = DEBUG;
				SWIFT_OPTIMIZATION_LEVEL = "-Onone";
			};
			name = "Debug(Development)";
		};
		92271965282EBBA3009ACE70 /* Release */ = {
			isa = XCBuildConfiguration;
			buildSettings = {
				ALWAYS_SEARCH_USER_PATHS = NO;
				CLANG_ANALYZER_NONNULL = YES;
				CLANG_ANALYZER_NUMBER_OBJECT_CONVERSION = YES_AGGRESSIVE;
				CLANG_CXX_LANGUAGE_STANDARD = "gnu++17";
				CLANG_ENABLE_MODULES = YES;
				CLANG_ENABLE_OBJC_ARC = YES;
				CLANG_ENABLE_OBJC_WEAK = YES;
				CLANG_WARN_BLOCK_CAPTURE_AUTORELEASING = YES;
				CLANG_WARN_BOOL_CONVERSION = YES;
				CLANG_WARN_COMMA = YES;
				CLANG_WARN_CONSTANT_CONVERSION = YES;
				CLANG_WARN_DEPRECATED_OBJC_IMPLEMENTATIONS = YES;
				CLANG_WARN_DIRECT_OBJC_ISA_USAGE = YES_ERROR;
				CLANG_WARN_DOCUMENTATION_COMMENTS = YES;
				CLANG_WARN_EMPTY_BODY = YES;
				CLANG_WARN_ENUM_CONVERSION = YES;
				CLANG_WARN_INFINITE_RECURSION = YES;
				CLANG_WARN_INT_CONVERSION = YES;
				CLANG_WARN_NON_LITERAL_NULL_CONVERSION = YES;
				CLANG_WARN_OBJC_IMPLICIT_RETAIN_SELF = YES;
				CLANG_WARN_OBJC_LITERAL_CONVERSION = YES;
				CLANG_WARN_OBJC_ROOT_CLASS = YES_ERROR;
				CLANG_WARN_QUOTED_INCLUDE_IN_FRAMEWORK_HEADER = YES;
				CLANG_WARN_RANGE_LOOP_ANALYSIS = YES;
				CLANG_WARN_STRICT_PROTOTYPES = YES;
				CLANG_WARN_SUSPICIOUS_MOVE = YES;
				CLANG_WARN_UNGUARDED_AVAILABILITY = YES_AGGRESSIVE;
				CLANG_WARN_UNREACHABLE_CODE = YES;
				CLANG_WARN__DUPLICATE_METHOD_MATCH = YES;
				COPY_PHASE_STRIP = NO;
				DEBUG_INFORMATION_FORMAT = "dwarf-with-dsym";
				ENABLE_NS_ASSERTIONS = NO;
				ENABLE_STRICT_OBJC_MSGSEND = YES;
				GCC_C_LANGUAGE_STANDARD = gnu11;
				GCC_NO_COMMON_BLOCKS = YES;
				GCC_WARN_64_TO_32_BIT_CONVERSION = YES;
				GCC_WARN_ABOUT_RETURN_TYPE = YES_ERROR;
				GCC_WARN_UNDECLARED_SELECTOR = YES;
				GCC_WARN_UNINITIALIZED_AUTOS = YES_AGGRESSIVE;
				GCC_WARN_UNUSED_FUNCTION = YES;
				GCC_WARN_UNUSED_VARIABLE = YES;
				IPHONEOS_DEPLOYMENT_TARGET = 15.4;
				MTL_ENABLE_DEBUG_INFO = NO;
				MTL_FAST_MATH = YES;
				SDKROOT = iphoneos;
				SWIFT_COMPILATION_MODE = wholemodule;
				SWIFT_OPTIMIZATION_LEVEL = "-O";
				VALIDATE_PRODUCT = YES;
			};
			name = Release;
		};
		92271967282EBBA3009ACE70 /* Debug(Development) */ = {
			isa = XCBuildConfiguration;
			baseConfigurationReference = AA6DEC556866EB11826E67D4 /* Pods-scholarshipz.debug(development).xcconfig */;
			buildSettings = {
				ASSETCATALOG_COMPILER_APPICON_NAME = AppIcon;
				ASSETCATALOG_COMPILER_GLOBAL_ACCENT_COLOR_NAME = AccentColor;
				CODE_SIGN_STYLE = Automatic;
				CURRENT_PROJECT_VERSION = 1;
				DEVELOPMENT_TEAM = WGU25444T9;
				GENERATE_INFOPLIST_FILE = YES;
				INFOPLIST_FILE = scholarshipz/Info.plist;
				INFOPLIST_KEY_UIApplicationSupportsIndirectInputEvents = YES;
				INFOPLIST_KEY_UILaunchStoryboardName = LaunchScreen;
				INFOPLIST_KEY_UISupportedInterfaceOrientations_iPad = "UIInterfaceOrientationPortrait UIInterfaceOrientationPortraitUpsideDown UIInterfaceOrientationLandscapeLeft UIInterfaceOrientationLandscapeRight";
				INFOPLIST_KEY_UISupportedInterfaceOrientations_iPhone = "UIInterfaceOrientationPortrait UIInterfaceOrientationLandscapeLeft UIInterfaceOrientationLandscapeRight";
				LD_RUNPATH_SEARCH_PATHS = (
					"$(inherited)",
					"@executable_path/Frameworks",
				);
				MARKETING_VERSION = 1.0;
				PRODUCT_BUNDLE_IDENTIFIER = danielchangsoojones.scholarshipz;
				PRODUCT_NAME = "$(TARGET_NAME)";
				SWIFT_EMIT_LOC_STRINGS = YES;
				SWIFT_VERSION = 5.0;
				TARGETED_DEVICE_FAMILY = "1,2";
			};
			name = "Debug(Development)";
		};
		92271968282EBBA3009ACE70 /* Release */ = {
			isa = XCBuildConfiguration;
			baseConfigurationReference = EA14BE911A60F4D837DCE45F /* Pods-scholarshipz.release.xcconfig */;
			buildSettings = {
				ASSETCATALOG_COMPILER_APPICON_NAME = AppIcon;
				ASSETCATALOG_COMPILER_GLOBAL_ACCENT_COLOR_NAME = AccentColor;
				CODE_SIGN_STYLE = Automatic;
				CURRENT_PROJECT_VERSION = 1;
				DEVELOPMENT_TEAM = WGU25444T9;
				GENERATE_INFOPLIST_FILE = YES;
				INFOPLIST_FILE = scholarshipz/Info.plist;
				INFOPLIST_KEY_UIApplicationSupportsIndirectInputEvents = YES;
				INFOPLIST_KEY_UILaunchStoryboardName = LaunchScreen;
				INFOPLIST_KEY_UISupportedInterfaceOrientations_iPad = "UIInterfaceOrientationPortrait UIInterfaceOrientationPortraitUpsideDown UIInterfaceOrientationLandscapeLeft UIInterfaceOrientationLandscapeRight";
				INFOPLIST_KEY_UISupportedInterfaceOrientations_iPhone = "UIInterfaceOrientationPortrait UIInterfaceOrientationLandscapeLeft UIInterfaceOrientationLandscapeRight";
				LD_RUNPATH_SEARCH_PATHS = (
					"$(inherited)",
					"@executable_path/Frameworks",
				);
				MARKETING_VERSION = 1.0;
				PRODUCT_BUNDLE_IDENTIFIER = danielchangsoojones.scholarshipz;
				PRODUCT_NAME = "$(TARGET_NAME)";
				SWIFT_EMIT_LOC_STRINGS = YES;
				SWIFT_VERSION = 5.0;
				TARGETED_DEVICE_FAMILY = "1,2";
			};
			name = Release;
		};
		9227196E282ED47C009ACE70 /* Debug(Production) */ = {
			isa = XCBuildConfiguration;
			buildSettings = {
				ALWAYS_SEARCH_USER_PATHS = NO;
				CLANG_ANALYZER_NONNULL = YES;
				CLANG_ANALYZER_NUMBER_OBJECT_CONVERSION = YES_AGGRESSIVE;
				CLANG_CXX_LANGUAGE_STANDARD = "gnu++17";
				CLANG_ENABLE_MODULES = YES;
				CLANG_ENABLE_OBJC_ARC = YES;
				CLANG_ENABLE_OBJC_WEAK = YES;
				CLANG_WARN_BLOCK_CAPTURE_AUTORELEASING = YES;
				CLANG_WARN_BOOL_CONVERSION = YES;
				CLANG_WARN_COMMA = YES;
				CLANG_WARN_CONSTANT_CONVERSION = YES;
				CLANG_WARN_DEPRECATED_OBJC_IMPLEMENTATIONS = YES;
				CLANG_WARN_DIRECT_OBJC_ISA_USAGE = YES_ERROR;
				CLANG_WARN_DOCUMENTATION_COMMENTS = YES;
				CLANG_WARN_EMPTY_BODY = YES;
				CLANG_WARN_ENUM_CONVERSION = YES;
				CLANG_WARN_INFINITE_RECURSION = YES;
				CLANG_WARN_INT_CONVERSION = YES;
				CLANG_WARN_NON_LITERAL_NULL_CONVERSION = YES;
				CLANG_WARN_OBJC_IMPLICIT_RETAIN_SELF = YES;
				CLANG_WARN_OBJC_LITERAL_CONVERSION = YES;
				CLANG_WARN_OBJC_ROOT_CLASS = YES_ERROR;
				CLANG_WARN_QUOTED_INCLUDE_IN_FRAMEWORK_HEADER = YES;
				CLANG_WARN_RANGE_LOOP_ANALYSIS = YES;
				CLANG_WARN_STRICT_PROTOTYPES = YES;
				CLANG_WARN_SUSPICIOUS_MOVE = YES;
				CLANG_WARN_UNGUARDED_AVAILABILITY = YES_AGGRESSIVE;
				CLANG_WARN_UNREACHABLE_CODE = YES;
				CLANG_WARN__DUPLICATE_METHOD_MATCH = YES;
				COPY_PHASE_STRIP = NO;
				DEBUG_INFORMATION_FORMAT = dwarf;
				ENABLE_STRICT_OBJC_MSGSEND = YES;
				ENABLE_TESTABILITY = YES;
				GCC_C_LANGUAGE_STANDARD = gnu11;
				GCC_DYNAMIC_NO_PIC = NO;
				GCC_NO_COMMON_BLOCKS = YES;
				GCC_OPTIMIZATION_LEVEL = 0;
				GCC_PREPROCESSOR_DEFINITIONS = (
					"DEBUG=1",
					"$(inherited)",
				);
				GCC_WARN_64_TO_32_BIT_CONVERSION = YES;
				GCC_WARN_ABOUT_RETURN_TYPE = YES_ERROR;
				GCC_WARN_UNDECLARED_SELECTOR = YES;
				GCC_WARN_UNINITIALIZED_AUTOS = YES_AGGRESSIVE;
				GCC_WARN_UNUSED_FUNCTION = YES;
				GCC_WARN_UNUSED_VARIABLE = YES;
				IPHONEOS_DEPLOYMENT_TARGET = 15.4;
				MTL_ENABLE_DEBUG_INFO = INCLUDE_SOURCE;
				MTL_FAST_MATH = YES;
				ONLY_ACTIVE_ARCH = YES;
				SDKROOT = iphoneos;
				SWIFT_ACTIVE_COMPILATION_CONDITIONS = DEBUG;
				SWIFT_OPTIMIZATION_LEVEL = "-Onone";
			};
			name = "Debug(Production)";
		};
		9227196F282ED47C009ACE70 /* Debug(Production) */ = {
			isa = XCBuildConfiguration;
			baseConfigurationReference = 67A62398D788BA6FCFAF542D /* Pods-scholarshipz.debug(production).xcconfig */;
			buildSettings = {
				ASSETCATALOG_COMPILER_APPICON_NAME = AppIcon;
				ASSETCATALOG_COMPILER_GLOBAL_ACCENT_COLOR_NAME = AccentColor;
				CODE_SIGN_STYLE = Automatic;
				CURRENT_PROJECT_VERSION = 1;
				DEVELOPMENT_TEAM = WGU25444T9;
				GENERATE_INFOPLIST_FILE = YES;
				INFOPLIST_FILE = scholarshipz/Info.plist;
				INFOPLIST_KEY_UIApplicationSupportsIndirectInputEvents = YES;
				INFOPLIST_KEY_UILaunchStoryboardName = LaunchScreen;
				INFOPLIST_KEY_UISupportedInterfaceOrientations_iPad = "UIInterfaceOrientationPortrait UIInterfaceOrientationPortraitUpsideDown UIInterfaceOrientationLandscapeLeft UIInterfaceOrientationLandscapeRight";
				INFOPLIST_KEY_UISupportedInterfaceOrientations_iPhone = "UIInterfaceOrientationPortrait UIInterfaceOrientationLandscapeLeft UIInterfaceOrientationLandscapeRight";
				LD_RUNPATH_SEARCH_PATHS = (
					"$(inherited)",
					"@executable_path/Frameworks",
				);
				MARKETING_VERSION = 1.0;
				PRODUCT_BUNDLE_IDENTIFIER = danielchangsoojones.scholarshipz;
				PRODUCT_NAME = "$(TARGET_NAME)";
				SWIFT_EMIT_LOC_STRINGS = YES;
				SWIFT_VERSION = 5.0;
				TARGETED_DEVICE_FAMILY = "1,2";
			};
			name = "Debug(Production)";
		};
/* End XCBuildConfiguration section */

/* Begin XCConfigurationList section */
		9227194D282EBB9C009ACE70 /* Build configuration list for PBXProject "scholarshipz" */ = {
			isa = XCConfigurationList;
			buildConfigurations = (
				92271964282EBBA3009ACE70 /* Debug(Development) */,
				9227196E282ED47C009ACE70 /* Debug(Production) */,
				92271965282EBBA3009ACE70 /* Release */,
			);
			defaultConfigurationIsVisible = 0;
			defaultConfigurationName = Release;
		};
		92271966282EBBA3009ACE70 /* Build configuration list for PBXNativeTarget "scholarshipz" */ = {
			isa = XCConfigurationList;
			buildConfigurations = (
				92271967282EBBA3009ACE70 /* Debug(Development) */,
				9227196F282ED47C009ACE70 /* Debug(Production) */,
				92271968282EBBA3009ACE70 /* Release */,
			);
			defaultConfigurationIsVisible = 0;
			defaultConfigurationName = Release;
		};
/* End XCConfigurationList section */
	};
	rootObject = 9227194A282EBB9C009ACE70 /* Project object */;
}
